// !$*UTF8*$!
{
	archiveVersion = 1;
	classes = {
	};
	objectVersion = 50;
	objects = {

/* Begin PBXBuildFile section */
		FF876CD52589489F005D2C50 /* FeedFeature.h in Headers */ = {isa = PBXBuildFile; fileRef = FF876CD32589489F005D2C50 /* FeedFeature.h */; settings = {ATTRIBUTES = (Public, ); }; };
		FF876CDD25894965005D2C50 /* FeedItem.swift in Sources */ = {isa = PBXBuildFile; fileRef = FF876CDC25894965005D2C50 /* FeedItem.swift */; };
		FF876CE025894A22005D2C50 /* FeedLoader.swift in Sources */ = {isa = PBXBuildFile; fileRef = FF876CDF25894A22005D2C50 /* FeedLoader.swift */; };
		FF876CED25894BFB005D2C50 /* FeedFeature.framework in Frameworks */ = {isa = PBXBuildFile; fileRef = FF876CD02589489F005D2C50 /* FeedFeature.framework */; };
		FF876CFA2589511E005D2C50 /* RemoteFeedLoaderTests.swift in Sources */ = {isa = PBXBuildFile; fileRef = FF876CF92589511E005D2C50 /* RemoteFeedLoaderTests.swift */; };
		FFC693D1258E20180096CCC1 /* HTTPClient.swift in Sources */ = {isa = PBXBuildFile; fileRef = FFC693D0258E20180096CCC1 /* HTTPClient.swift */; };
		FFC693D5258E20640096CCC1 /* FeedItemMapper.swift in Sources */ = {isa = PBXBuildFile; fileRef = FFC693D4258E20640096CCC1 /* FeedItemMapper.swift */; };
		FFED419C258A893700673E87 /* RemoteFeedLoader.swift in Sources */ = {isa = PBXBuildFile; fileRef = FFED419B258A893700673E87 /* RemoteFeedLoader.swift */; };
/* End PBXBuildFile section */

/* Begin PBXContainerItemProxy section */
		FF876CEE25894BFB005D2C50 /* PBXContainerItemProxy */ = {
			isa = PBXContainerItemProxy;
			containerPortal = FF876CC72589489F005D2C50 /* Project object */;
			proxyType = 1;
			remoteGlobalIDString = FF876CCF2589489F005D2C50;
			remoteInfo = FeedFeature;
		};
/* End PBXContainerItemProxy section */

/* Begin PBXFileReference section */
		FF876CD02589489F005D2C50 /* FeedFeature.framework */ = {isa = PBXFileReference; explicitFileType = wrapper.framework; includeInIndex = 0; path = FeedFeature.framework; sourceTree = BUILT_PRODUCTS_DIR; };
		FF876CD32589489F005D2C50 /* FeedFeature.h */ = {isa = PBXFileReference; lastKnownFileType = sourcecode.c.h; path = FeedFeature.h; sourceTree = "<group>"; };
		FF876CD42589489F005D2C50 /* Info.plist */ = {isa = PBXFileReference; lastKnownFileType = text.plist.xml; path = Info.plist; sourceTree = "<group>"; };
		FF876CDC25894965005D2C50 /* FeedItem.swift */ = {isa = PBXFileReference; lastKnownFileType = sourcecode.swift; path = FeedItem.swift; sourceTree = "<group>"; };
		FF876CDF25894A22005D2C50 /* FeedLoader.swift */ = {isa = PBXFileReference; lastKnownFileType = sourcecode.swift; path = FeedLoader.swift; sourceTree = "<group>"; };
		FF876CE825894BFB005D2C50 /* FeedFeatureTests.xctest */ = {isa = PBXFileReference; explicitFileType = wrapper.cfbundle; includeInIndex = 0; path = FeedFeatureTests.xctest; sourceTree = BUILT_PRODUCTS_DIR; };
		FF876CEC25894BFB005D2C50 /* Info.plist */ = {isa = PBXFileReference; lastKnownFileType = text.plist.xml; path = Info.plist; sourceTree = "<group>"; };
		FF876CF92589511E005D2C50 /* RemoteFeedLoaderTests.swift */ = {isa = PBXFileReference; lastKnownFileType = sourcecode.swift; path = RemoteFeedLoaderTests.swift; sourceTree = "<group>"; };
		FFC693D0258E20180096CCC1 /* HTTPClient.swift */ = {isa = PBXFileReference; lastKnownFileType = sourcecode.swift; path = HTTPClient.swift; sourceTree = "<group>"; };
		FFC693D4258E20640096CCC1 /* FeedItemMapper.swift */ = {isa = PBXFileReference; lastKnownFileType = sourcecode.swift; path = FeedItemMapper.swift; sourceTree = "<group>"; };
		FFED419B258A893700673E87 /* RemoteFeedLoader.swift */ = {isa = PBXFileReference; lastKnownFileType = sourcecode.swift; path = RemoteFeedLoader.swift; sourceTree = "<group>"; };
/* End PBXFileReference section */

/* Begin PBXFrameworksBuildPhase section */
		FF876CCD2589489F005D2C50 /* Frameworks */ = {
			isa = PBXFrameworksBuildPhase;
			buildActionMask = 2147483647;
			files = (
			);
			runOnlyForDeploymentPostprocessing = 0;
		};
		FF876CE525894BFB005D2C50 /* Frameworks */ = {
			isa = PBXFrameworksBuildPhase;
			buildActionMask = 2147483647;
			files = (
				FF876CED25894BFB005D2C50 /* FeedFeature.framework in Frameworks */,
			);
			runOnlyForDeploymentPostprocessing = 0;
		};
/* End PBXFrameworksBuildPhase section */

/* Begin PBXGroup section */
		FF876CC62589489F005D2C50 = {
			isa = PBXGroup;
			children = (
				FF876CD22589489F005D2C50 /* FeedFeature */,
				FF876CE925894BFB005D2C50 /* FeedFeatureTests */,
				FF876CD12589489F005D2C50 /* Products */,
			);
			sourceTree = "<group>";
		};
		FF876CD12589489F005D2C50 /* Products */ = {
			isa = PBXGroup;
			children = (
				FF876CD02589489F005D2C50 /* FeedFeature.framework */,
				FF876CE825894BFB005D2C50 /* FeedFeatureTests.xctest */,
			);
			name = Products;
			sourceTree = "<group>";
		};
		FF876CD22589489F005D2C50 /* FeedFeature */ = {
			isa = PBXGroup;
			children = (
				FF876CD32589489F005D2C50 /* FeedFeature.h */,
				FFC693D0258E20180096CCC1 /* HTTPClient.swift */,
				FFC693D4258E20640096CCC1 /* FeedItemMapper.swift */,
				FFED41A1258A895A00673E87 /* Feed API */,
				FF876CE225894B19005D2C50 /* FeedFeature */,
				FF876CD42589489F005D2C50 /* Info.plist */,
			);
			path = FeedFeature;
			sourceTree = "<group>";
		};
		FF876CE225894B19005D2C50 /* FeedFeature */ = {
			isa = PBXGroup;
			children = (
				FF876CDC25894965005D2C50 /* FeedItem.swift */,
				FF876CDF25894A22005D2C50 /* FeedLoader.swift */,
			);
			path = FeedFeature;
			sourceTree = "<group>";
		};
		FF876CE925894BFB005D2C50 /* FeedFeatureTests */ = {
			isa = PBXGroup;
			children = (
				FF876CEC25894BFB005D2C50 /* Info.plist */,
				FFC693D8258E29990096CCC1 /* Feed API */,
			);
			path = FeedFeatureTests;
			sourceTree = "<group>";
		};
		FFC693D8258E29990096CCC1 /* Feed API */ = {
			isa = PBXGroup;
			children = (
				FF876CF92589511E005D2C50 /* RemoteFeedLoaderTests.swift */,
			);
			path = "Feed API";
			sourceTree = "<group>";
		};
		FFED41A1258A895A00673E87 /* Feed API */ = {
			isa = PBXGroup;
			children = (
				FFED419B258A893700673E87 /* RemoteFeedLoader.swift */,
			);
			path = "Feed API";
			sourceTree = "<group>";
		};
/* End PBXGroup section */

/* Begin PBXHeadersBuildPhase section */
		FF876CCB2589489F005D2C50 /* Headers */ = {
			isa = PBXHeadersBuildPhase;
			buildActionMask = 2147483647;
			files = (
				FF876CD52589489F005D2C50 /* FeedFeature.h in Headers */,
			);
			runOnlyForDeploymentPostprocessing = 0;
		};
/* End PBXHeadersBuildPhase section */

/* Begin PBXNativeTarget section */
		FF876CCF2589489F005D2C50 /* FeedFeature */ = {
			isa = PBXNativeTarget;
			buildConfigurationList = FF876CD82589489F005D2C50 /* Build configuration list for PBXNativeTarget "FeedFeature" */;
			buildPhases = (
				FF876CCB2589489F005D2C50 /* Headers */,
				FF876CCC2589489F005D2C50 /* Sources */,
				FF876CCD2589489F005D2C50 /* Frameworks */,
				FF876CCE2589489F005D2C50 /* Resources */,
			);
			buildRules = (
			);
			dependencies = (
			);
			name = FeedFeature;
			productName = FeedFeature;
			productReference = FF876CD02589489F005D2C50 /* FeedFeature.framework */;
			productType = "com.apple.product-type.framework";
		};
		FF876CE725894BFB005D2C50 /* FeedFeatureTests */ = {
			isa = PBXNativeTarget;
			buildConfigurationList = FF876CF025894BFB005D2C50 /* Build configuration list for PBXNativeTarget "FeedFeatureTests" */;
			buildPhases = (
				FF876CE425894BFB005D2C50 /* Sources */,
				FF876CE525894BFB005D2C50 /* Frameworks */,
				FF876CE625894BFB005D2C50 /* Resources */,
			);
			buildRules = (
			);
			dependencies = (
				FF876CEF25894BFB005D2C50 /* PBXTargetDependency */,
			);
			name = FeedFeatureTests;
			productName = FeedFeatureTests;
			productReference = FF876CE825894BFB005D2C50 /* FeedFeatureTests.xctest */;
			productType = "com.apple.product-type.bundle.unit-test";
		};
/* End PBXNativeTarget section */

/* Begin PBXProject section */
		FF876CC72589489F005D2C50 /* Project object */ = {
			isa = PBXProject;
			attributes = {
				LastSwiftUpdateCheck = 1200;
				LastUpgradeCheck = 1200;
				TargetAttributes = {
					FF876CCF2589489F005D2C50 = {
						CreatedOnToolsVersion = 12.0.1;
						LastSwiftMigration = 1200;
					};
					FF876CE725894BFB005D2C50 = {
						CreatedOnToolsVersion = 12.0.1;
						LastSwiftMigration = 1200;
					};
				};
			};
			buildConfigurationList = FF876CCA2589489F005D2C50 /* Build configuration list for PBXProject "FeedFeature" */;
			compatibilityVersion = "Xcode 9.3";
			developmentRegion = en;
			hasScannedForEncodings = 0;
			knownRegions = (
				en,
				Base,
			);
			mainGroup = FF876CC62589489F005D2C50;
			productRefGroup = FF876CD12589489F005D2C50 /* Products */;
			projectDirPath = "";
			projectRoot = "";
			targets = (
				FF876CCF2589489F005D2C50 /* FeedFeature */,
				FF876CE725894BFB005D2C50 /* FeedFeatureTests */,
			);
		};
/* End PBXProject section */

/* Begin PBXResourcesBuildPhase section */
		FF876CCE2589489F005D2C50 /* Resources */ = {
			isa = PBXResourcesBuildPhase;
			buildActionMask = 2147483647;
			files = (
			);
			runOnlyForDeploymentPostprocessing = 0;
		};
		FF876CE625894BFB005D2C50 /* Resources */ = {
			isa = PBXResourcesBuildPhase;
			buildActionMask = 2147483647;
			files = (
			);
			runOnlyForDeploymentPostprocessing = 0;
		};
/* End PBXResourcesBuildPhase section */

/* Begin PBXSourcesBuildPhase section */
		FF876CCC2589489F005D2C50 /* Sources */ = {
			isa = PBXSourcesBuildPhase;
			buildActionMask = 2147483647;
			files = (
				FFED419C258A893700673E87 /* RemoteFeedLoader.swift in Sources */,
				FFC693D5258E20640096CCC1 /* FeedItemMapper.swift in Sources */,
				FF876CE025894A22005D2C50 /* FeedLoader.swift in Sources */,
				FFC693D1258E20180096CCC1 /* HTTPClient.swift in Sources */,
				FF876CDD25894965005D2C50 /* FeedItem.swift in Sources */,
			);
			runOnlyForDeploymentPostprocessing = 0;
		};
		FF876CE425894BFB005D2C50 /* Sources */ = {
			isa = PBXSourcesBuildPhase;
			buildActionMask = 2147483647;
			files = (
				FF876CFA2589511E005D2C50 /* RemoteFeedLoaderTests.swift in Sources */,
			);
			runOnlyForDeploymentPostprocessing = 0;
		};
/* End PBXSourcesBuildPhase section */

/* Begin PBXTargetDependency section */
		FF876CEF25894BFB005D2C50 /* PBXTargetDependency */ = {
			isa = PBXTargetDependency;
			target = FF876CCF2589489F005D2C50 /* FeedFeature */;
			targetProxy = FF876CEE25894BFB005D2C50 /* PBXContainerItemProxy */;
		};
/* End PBXTargetDependency section */

/* Begin XCBuildConfiguration section */
		FF876CD62589489F005D2C50 /* Debug */ = {
			isa = XCBuildConfiguration;
			buildSettings = {
				ALWAYS_SEARCH_USER_PATHS = NO;
				CLANG_ANALYZER_NONNULL = YES;
				CLANG_ANALYZER_NUMBER_OBJECT_CONVERSION = YES_AGGRESSIVE;
				CLANG_CXX_LANGUAGE_STANDARD = "gnu++14";
				CLANG_CXX_LIBRARY = "libc++";
				CLANG_ENABLE_MODULES = YES;
				CLANG_ENABLE_OBJC_ARC = YES;
				CLANG_ENABLE_OBJC_WEAK = YES;
				CLANG_WARN_BLOCK_CAPTURE_AUTORELEASING = YES;
				CLANG_WARN_BOOL_CONVERSION = YES;
				CLANG_WARN_COMMA = YES;
				CLANG_WARN_CONSTANT_CONVERSION = YES;
				CLANG_WARN_DEPRECATED_OBJC_IMPLEMENTATIONS = YES;
				CLANG_WARN_DIRECT_OBJC_ISA_USAGE = YES_ERROR;
				CLANG_WARN_DOCUMENTATION_COMMENTS = YES;
				CLANG_WARN_EMPTY_BODY = YES;
				CLANG_WARN_ENUM_CONVERSION = YES;
				CLANG_WARN_INFINITE_RECURSION = YES;
				CLANG_WARN_INT_CONVERSION = YES;
				CLANG_WARN_NON_LITERAL_NULL_CONVERSION = YES;
				CLANG_WARN_OBJC_IMPLICIT_RETAIN_SELF = YES;
				CLANG_WARN_OBJC_LITERAL_CONVERSION = YES;
				CLANG_WARN_OBJC_ROOT_CLASS = YES_ERROR;
				CLANG_WARN_QUOTED_INCLUDE_IN_FRAMEWORK_HEADER = YES;
				CLANG_WARN_RANGE_LOOP_ANALYSIS = YES;
				CLANG_WARN_STRICT_PROTOTYPES = YES;
				CLANG_WARN_SUSPICIOUS_MOVE = YES;
				CLANG_WARN_UNGUARDED_AVAILABILITY = YES_AGGRESSIVE;
				CLANG_WARN_UNREACHABLE_CODE = YES;
				CLANG_WARN__DUPLICATE_METHOD_MATCH = YES;
				COPY_PHASE_STRIP = NO;
				CURRENT_PROJECT_VERSION = 1;
				DEBUG_INFORMATION_FORMAT = dwarf;
				ENABLE_STRICT_OBJC_MSGSEND = YES;
				ENABLE_TESTABILITY = YES;
				GCC_C_LANGUAGE_STANDARD = gnu11;
				GCC_DYNAMIC_NO_PIC = NO;
				GCC_NO_COMMON_BLOCKS = YES;
				GCC_OPTIMIZATION_LEVEL = 0;
				GCC_PREPROCESSOR_DEFINITIONS = (
					"DEBUG=1",
					"$(inherited)",
				);
				GCC_WARN_64_TO_32_BIT_CONVERSION = YES;
				GCC_WARN_ABOUT_RETURN_TYPE = YES_ERROR;
				GCC_WARN_UNDECLARED_SELECTOR = YES;
				GCC_WARN_UNINITIALIZED_AUTOS = YES_AGGRESSIVE;
				GCC_WARN_UNUSED_FUNCTION = YES;
				GCC_WARN_UNUSED_VARIABLE = YES;
				MACOSX_DEPLOYMENT_TARGET = 10.15;
				MTL_ENABLE_DEBUG_INFO = INCLUDE_SOURCE;
				MTL_FAST_MATH = YES;
				ONLY_ACTIVE_ARCH = YES;
				SDKROOT = macosx;
				SWIFT_ACTIVE_COMPILATION_CONDITIONS = DEBUG;
				SWIFT_OPTIMIZATION_LEVEL = "-Onone";
				VERSIONING_SYSTEM = "apple-generic";
				VERSION_INFO_PREFIX = "";
			};
			name = Debug;
		};
		FF876CD72589489F005D2C50 /* Release */ = {
			isa = XCBuildConfiguration;
			buildSettings = {
				ALWAYS_SEARCH_USER_PATHS = NO;
				CLANG_ANALYZER_NONNULL = YES;
				CLANG_ANALYZER_NUMBER_OBJECT_CONVERSION = YES_AGGRESSIVE;
				CLANG_CXX_LANGUAGE_STANDARD = "gnu++14";
				CLANG_CXX_LIBRARY = "libc++";
				CLANG_ENABLE_MODULES = YES;
				CLANG_ENABLE_OBJC_ARC = YES;
				CLANG_ENABLE_OBJC_WEAK = YES;
				CLANG_WARN_BLOCK_CAPTURE_AUTORELEASING = YES;
				CLANG_WARN_BOOL_CONVERSION = YES;
				CLANG_WARN_COMMA = YES;
				CLANG_WARN_CONSTANT_CONVERSION = YES;
				CLANG_WARN_DEPRECATED_OBJC_IMPLEMENTATIONS = YES;
				CLANG_WARN_DIRECT_OBJC_ISA_USAGE = YES_ERROR;
				CLANG_WARN_DOCUMENTATION_COMMENTS = YES;
				CLANG_WARN_EMPTY_BODY = YES;
				CLANG_WARN_ENUM_CONVERSION = YES;
				CLANG_WARN_INFINITE_RECURSION = YES;
				CLANG_WARN_INT_CONVERSION = YES;
				CLANG_WARN_NON_LITERAL_NULL_CONVERSION = YES;
				CLANG_WARN_OBJC_IMPLICIT_RETAIN_SELF = YES;
				CLANG_WARN_OBJC_LITERAL_CONVERSION = YES;
				CLANG_WARN_OBJC_ROOT_CLASS = YES_ERROR;
				CLANG_WARN_QUOTED_INCLUDE_IN_FRAMEWORK_HEADER = YES;
				CLANG_WARN_RANGE_LOOP_ANALYSIS = YES;
				CLANG_WARN_STRICT_PROTOTYPES = YES;
				CLANG_WARN_SUSPICIOUS_MOVE = YES;
				CLANG_WARN_UNGUARDED_AVAILABILITY = YES_AGGRESSIVE;
				CLANG_WARN_UNREACHABLE_CODE = YES;
				CLANG_WARN__DUPLICATE_METHOD_MATCH = YES;
				COPY_PHASE_STRIP = NO;
				CURRENT_PROJECT_VERSION = 1;
				DEBUG_INFORMATION_FORMAT = "dwarf-with-dsym";
				ENABLE_NS_ASSERTIONS = NO;
				ENABLE_STRICT_OBJC_MSGSEND = YES;
				GCC_C_LANGUAGE_STANDARD = gnu11;
				GCC_NO_COMMON_BLOCKS = YES;
				GCC_WARN_64_TO_32_BIT_CONVERSION = YES;
				GCC_WARN_ABOUT_RETURN_TYPE = YES_ERROR;
				GCC_WARN_UNDECLARED_SELECTOR = YES;
				GCC_WARN_UNINITIALIZED_AUTOS = YES_AGGRESSIVE;
				GCC_WARN_UNUSED_FUNCTION = YES;
				GCC_WARN_UNUSED_VARIABLE = YES;
				MACOSX_DEPLOYMENT_TARGET = 10.15;
				MTL_ENABLE_DEBUG_INFO = NO;
				MTL_FAST_MATH = YES;
				SDKROOT = macosx;
				SWIFT_COMPILATION_MODE = wholemodule;
				SWIFT_OPTIMIZATION_LEVEL = "-O";
				VERSIONING_SYSTEM = "apple-generic";
				VERSION_INFO_PREFIX = "";
			};
			name = Release;
		};
		FF876CD92589489F005D2C50 /* Debug */ = {
			isa = XCBuildConfiguration;
			buildSettings = {
				CLANG_ENABLE_MODULES = YES;
				CODE_SIGN_STYLE = Automatic;
				COMBINE_HIDPI_IMAGES = YES;
				DEFINES_MODULE = YES;
				DEVELOPMENT_TEAM = 59PKSR6X25;
				DYLIB_COMPATIBILITY_VERSION = 1;
				DYLIB_CURRENT_VERSION = 1;
				DYLIB_INSTALL_NAME_BASE = "@rpath";
				INFOPLIST_FILE = FeedFeature/Info.plist;
				INSTALL_PATH = "$(LOCAL_LIBRARY_DIR)/Frameworks";
				LD_RUNPATH_SEARCH_PATHS = (
					"$(inherited)",
					"@executable_path/../Frameworks",
					"@loader_path/Frameworks",
				);
				PRODUCT_BUNDLE_IDENTIFIER = com.srinivasan.FeedFeature;
				PRODUCT_NAME = "$(TARGET_NAME:c99extidentifier)";
				SKIP_INSTALL = YES;
				SWIFT_OPTIMIZATION_LEVEL = "-Onone";
				SWIFT_VERSION = 5.0;
			};
			name = Debug;
		};
		FF876CDA2589489F005D2C50 /* Release */ = {
			isa = XCBuildConfiguration;
			buildSettings = {
				CLANG_ENABLE_MODULES = YES;
				CODE_SIGN_STYLE = Automatic;
				COMBINE_HIDPI_IMAGES = YES;
				DEFINES_MODULE = YES;
				DEVELOPMENT_TEAM = 59PKSR6X25;
				DYLIB_COMPATIBILITY_VERSION = 1;
				DYLIB_CURRENT_VERSION = 1;
				DYLIB_INSTALL_NAME_BASE = "@rpath";
				INFOPLIST_FILE = FeedFeature/Info.plist;
				INSTALL_PATH = "$(LOCAL_LIBRARY_DIR)/Frameworks";
				LD_RUNPATH_SEARCH_PATHS = (
					"$(inherited)",
					"@executable_path/../Frameworks",
					"@loader_path/Frameworks",
				);
				PRODUCT_BUNDLE_IDENTIFIER = com.srinivasan.FeedFeature;
				PRODUCT_NAME = "$(TARGET_NAME:c99extidentifier)";
				SKIP_INSTALL = YES;
				SWIFT_VERSION = 5.0;
			};
			name = Release;
		};
		FF876CF125894BFB005D2C50 /* Debug */ = {
			isa = XCBuildConfiguration;
			buildSettings = {
				CLANG_ENABLE_MODULES = YES;
				CODE_SIGN_STYLE = Automatic;
				COMBINE_HIDPI_IMAGES = YES;
				DEVELOPMENT_TEAM = 59PKSR6X25;
				INFOPLIST_FILE = FeedFeatureTests/Info.plist;
				LD_RUNPATH_SEARCH_PATHS = (
					"$(inherited)",
					"@executable_path/../Frameworks",
					"@loader_path/../Frameworks",
				);
				PRODUCT_BUNDLE_IDENTIFIER = com.srinivasan.FeedFeatureTests;
				PRODUCT_NAME = "$(TARGET_NAME)";
				SWIFT_OPTIMIZATION_LEVEL = "-Onone";
				SWIFT_VERSION = 5.0;
			};
			name = Debug;
		};
		FF876CF225894BFB005D2C50 /* Release */ = {
			isa = XCBuildConfiguration;
			buildSettings = {
				CLANG_ENABLE_MODULES = YES;
				CODE_SIGN_STYLE = Automatic;
				COMBINE_HIDPI_IMAGES = YES;
				DEVELOPMENT_TEAM = 59PKSR6X25;
				INFOPLIST_FILE = FeedFeatureTests/Info.plist;
				LD_RUNPATH_SEARCH_PATHS = (
					"$(inherited)",
					"@executable_path/../Frameworks",
					"@loader_path/../Frameworks",
				);
				PRODUCT_BUNDLE_IDENTIFIER = com.srinivasan.FeedFeatureTests;
				PRODUCT_NAME = "$(TARGET_NAME)";
				SWIFT_VERSION = 5.0;
			};
			name = Release;
		};
/* End XCBuildConfiguration section */

/* Begin XCConfigurationList section */
		FF876CCA2589489F005D2C50 /* Build configuration list for PBXProject "FeedFeature" */ = {
			isa = XCConfigurationList;
			buildConfigurations = (
				FF876CD62589489F005D2C50 /* Debug */,
				FF876CD72589489F005D2C50 /* Release */,
			);
			defaultConfigurationIsVisible = 0;
			defaultConfigurationName = Release;
		};
		FF876CD82589489F005D2C50 /* Build configuration list for PBXNativeTarget "FeedFeature" */ = {
			isa = XCConfigurationList;
			buildConfigurations = (
				FF876CD92589489F005D2C50 /* Debug */,
				FF876CDA2589489F005D2C50 /* Release */,
			);
			defaultConfigurationIsVisible = 0;
			defaultConfigurationName = Release;
		};
		FF876CF025894BFB005D2C50 /* Build configuration list for PBXNativeTarget "FeedFeatureTests" */ = {
			isa = XCConfigurationList;
			buildConfigurations = (
				FF876CF125894BFB005D2C50 /* Debug */,
				FF876CF225894BFB005D2C50 /* Release */,
			);
			defaultConfigurationIsVisible = 0;
			defaultConfigurationName = Release;
		};
/* End XCConfigurationList section */
	};
	rootObject = FF876CC72589489F005D2C50 /* Project object */;
}
